
Microsoft Visual Studio Solution File, Format Version 12.00
# Visual Studio 15
VisualStudioVersion = 15.0.27428.2043
MinimumVisualStudioVersion = 10.0.40219.1
Project("{8BC9CEB8-8B4A-11D0-8D11-00A0C91BC942}") = "24.7", "24.7\24.7.vcxproj", "{89464B4F-D1C5-4F27-86CA-3251C86E9368}"
EndProject
Global
	GlobalSection(SolutionConfigurationPlatforms) = preSolution
		Debug|x64 = Debug|x64
		Debug|x86 = Debug|x86
		Release|x64 = Release|x64
		Release|x86 = Release|x86
	EndGlobalSection
	GlobalSection(ProjectConfigurationPlatforms) = postSolution
		{89464B4F-D1C5-4F27-86CA-3251C86E9368}.Debug|x64.ActiveCfg = Debug|x64
		{89464B4F-D1C5-4F27-86CA-3251C86E9368}.Debug|x64.Build.0 = Debug|x64
		{89464B4F-D1C5-4F27-86CA-3251C86E9368}.Debug|x86.ActiveCfg = Debug|Win32
		{89464B4F-D1C5-4F27-86CA-3251C86E9368}.Debug|x86.Build.0 = Debug|Win32
		{89464B4F-D1C5-4F27-86CA-3251C86E9368}.Release|x64.ActiveCfg = Release|x64
		{89464B4F-D1C5-4F27-86CA-3251C86E9368}.Release|x64.Build.0 = Release|x64
		{89464B4F-D1C5-4F27-86CA-3251C86E9368}.Release|x86.ActiveCfg = Release|Win32
		{89464B4F-D1C5-4F27-86CA-3251C86E9368}.Release|x86.Build.0 = Release|Win32
	EndGlobalSection
	GlobalSection(SolutionProperties) = preSolution
		HideSolutionNode = FALSE
	EndGlobalSection
	GlobalSection(ExtensibilityGlobals) = postSolution
		SolutionGuid = {B3CD6CD3-B89B-4297-8136-E9E312C241B0}
	EndGlobalSection
EndGlobal
