
Microsoft Visual Studio Solution File, Format Version 12.00
# Visual Studio 15
VisualStudioVersion = 15.0.27428.1
MinimumVisualStudioVersion = 10.0.40219.1
Project("{8BC9CEB8-8B4A-11D0-8D11-00A0C91BC942}") = "24.8", "24.8\24.8.vcxproj", "{5895A52B-F7EA-4EF6-A832-F44F588141BC}"
EndProject
Global
	GlobalSection(SolutionConfigurationPlatforms) = preSolution
		Debug|x64 = Debug|x64
		Debug|x86 = Debug|x86
		Release|x64 = Release|x64
		Release|x86 = Release|x86
	EndGlobalSection
	GlobalSection(ProjectConfigurationPlatforms) = postSolution
		{5895A52B-F7EA-4EF6-A832-F44F588141BC}.Debug|x64.ActiveCfg = Debug|x64
		{5895A52B-F7EA-4EF6-A832-F44F588141BC}.Debug|x64.Build.0 = Debug|x64
		{5895A52B-F7EA-4EF6-A832-F44F588141BC}.Debug|x86.ActiveCfg = Debug|Win32
		{5895A52B-F7EA-4EF6-A832-F44F588141BC}.Debug|x86.Build.0 = Debug|Win32
		{5895A52B-F7EA-4EF6-A832-F44F588141BC}.Release|x64.ActiveCfg = Release|x64
		{5895A52B-F7EA-4EF6-A832-F44F588141BC}.Release|x64.Build.0 = Release|x64
		{5895A52B-F7EA-4EF6-A832-F44F588141BC}.Release|x86.ActiveCfg = Release|Win32
		{5895A52B-F7EA-4EF6-A832-F44F588141BC}.Release|x86.Build.0 = Release|Win32
	EndGlobalSection
	GlobalSection(SolutionProperties) = preSolution
		HideSolutionNode = FALSE
	EndGlobalSection
	GlobalSection(ExtensibilityGlobals) = postSolution
		SolutionGuid = {ECA23CA4-59CF-44E0-B978-DCE051A538B3}
	EndGlobalSection
EndGlobal
