
Microsoft Visual Studio Solution File, Format Version 12.00
# Visual Studio 15
VisualStudioVersion = 15.0.27428.1
MinimumVisualStudioVersion = 10.0.40219.1
Project("{8BC9CEB8-8B4A-11D0-8D11-00A0C91BC942}") = "21.1", "21.1\21.1.vcxproj", "{B3BC3309-3F59-47BD-8350-F0C65130C3A0}"
EndProject
Global
	GlobalSection(SolutionConfigurationPlatforms) = preSolution
		Debug|x64 = Debug|x64
		Debug|x86 = Debug|x86
		Release|x64 = Release|x64
		Release|x86 = Release|x86
	EndGlobalSection
	GlobalSection(ProjectConfigurationPlatforms) = postSolution
		{B3BC3309-3F59-47BD-8350-F0C65130C3A0}.Debug|x64.ActiveCfg = Debug|x64
		{B3BC3309-3F59-47BD-8350-F0C65130C3A0}.Debug|x64.Build.0 = Debug|x64
		{B3BC3309-3F59-47BD-8350-F0C65130C3A0}.Debug|x86.ActiveCfg = Debug|Win32
		{B3BC3309-3F59-47BD-8350-F0C65130C3A0}.Debug|x86.Build.0 = Debug|Win32
		{B3BC3309-3F59-47BD-8350-F0C65130C3A0}.Release|x64.ActiveCfg = Release|x64
		{B3BC3309-3F59-47BD-8350-F0C65130C3A0}.Release|x64.Build.0 = Release|x64
		{B3BC3309-3F59-47BD-8350-F0C65130C3A0}.Release|x86.ActiveCfg = Release|Win32
		{B3BC3309-3F59-47BD-8350-F0C65130C3A0}.Release|x86.Build.0 = Release|Win32
	EndGlobalSection
	GlobalSection(SolutionProperties) = preSolution
		HideSolutionNode = FALSE
	EndGlobalSection
	GlobalSection(ExtensibilityGlobals) = postSolution
		SolutionGuid = {A6AEA962-7901-4EDB-8764-653234AF6EB9}
	EndGlobalSection
EndGlobal
